
Microsoft Visual Studio Solution File, Format Version 12.00
# Visual Studio Version 16
VisualStudioVersion = 16.0.33130.400
MinimumVisualStudioVersion = 10.0.40219.1
Project("{FAE04EC0-301F-11D3-BF4B-00C04F79EFBC}") = "eShop.web", "eShop.web\eShop.web.csproj", "{D0CB9EBC-F2C2-4169-9181-31000C8C861E}"
EndProject
Project("{FAE04EC0-301F-11D3-BF4B-00C04F79EFBC}") = "eShop.eCommerce", "eShop.eCommerce\eShop.eCommerce.csproj", "{88C4A96C-5B72-4214-BBA1-96CF0166ABB5}"
EndProject
Global
	GlobalSection(SolutionConfigurationPlatforms) = preSolution
		Debug|Any CPU = Debug|Any CPU
		Release|Any CPU = Release|Any CPU
	EndGlobalSection
	GlobalSection(ProjectConfigurationPlatforms) = postSolution
		{D0CB9EBC-F2C2-4169-9181-31000C8C861E}.Debug|Any CPU.ActiveCfg = Debug|Any CPU
		{D0CB9EBC-F2C2-4169-9181-31000C8C861E}.Debug|Any CPU.Build.0 = Debug|Any CPU
		{D0CB9EBC-F2C2-4169-9181-31000C8C861E}.Release|Any CPU.ActiveCfg = Release|Any CPU
		{D0CB9EBC-F2C2-4169-9181-31000C8C861E}.Release|Any CPU.Build.0 = Release|Any CPU
		{88C4A96C-5B72-4214-BBA1-96CF0166ABB5}.Debug|Any CPU.ActiveCfg = Debug|Any CPU
		{88C4A96C-5B72-4214-BBA1-96CF0166ABB5}.Debug|Any CPU.Build.0 = Debug|Any CPU
		{88C4A96C-5B72-4214-BBA1-96CF0166ABB5}.Release|Any CPU.ActiveCfg = Release|Any CPU
		{88C4A96C-5B72-4214-BBA1-96CF0166ABB5}.Release|Any CPU.Build.0 = Release|Any CPU
	EndGlobalSection
	GlobalSection(SolutionProperties) = preSolution
		HideSolutionNode = FALSE
	EndGlobalSection
	GlobalSection(ExtensibilityGlobals) = postSolution
		SolutionGuid = {21091AF3-F0BD-4BBF-AEFF-FF37129D8B97}
	EndGlobalSection
EndGlobal
